// !$*UTF8*$!
{
	archiveVersion = 1;
	classes = {
	};
	objectVersion = 56;
	objects = {

/* Begin PBXBuildFile section */
		25E54E452B832D3D0088F18C /* AppDelegate.swift in Sources */ = {isa = PBXBuildFile; fileRef = 25E54E442B832D3D0088F18C /* AppDelegate.swift */; };
		25E54E472B832D3D0088F18C /* SceneDelegate.swift in Sources */ = {isa = PBXBuildFile; fileRef = 25E54E462B832D3D0088F18C /* SceneDelegate.swift */; };
		25E54E492B832D3D0088F18C /* ViewController.swift in Sources */ = {isa = PBXBuildFile; fileRef = 25E54E482B832D3D0088F18C /* ViewController.swift */; };
		25E54E4C2B832D3D0088F18C /* Main.storyboard in Resources */ = {isa = PBXBuildFile; fileRef = 25E54E4A2B832D3D0088F18C /* Main.storyboard */; };
		25E54E4E2B832D3E0088F18C /* Assets.xcassets in Resources */ = {isa = PBXBuildFile; fileRef = 25E54E4D2B832D3E0088F18C /* Assets.xcassets */; };
		25E54E512B832D3E0088F18C /* LaunchScreen.storyboard in Resources */ = {isa = PBXBuildFile; fileRef = 25E54E4F2B832D3E0088F18C /* LaunchScreen.storyboard */; };
		25E54E5C2B832D3E0088F18C /* KeyboardTests.swift in Sources */ = {isa = PBXBuildFile; fileRef = 25E54E5B2B832D3E0088F18C /* KeyboardTests.swift */; };
		25E54E662B832D3E0088F18C /* KeyboardUITests.swift in Sources */ = {isa = PBXBuildFile; fileRef = 25E54E652B832D3E0088F18C /* KeyboardUITests.swift */; };
		25E54E682B832D3E0088F18C /* KeyboardUITestsLaunchTests.swift in Sources */ = {isa = PBXBuildFile; fileRef = 25E54E672B832D3E0088F18C /* KeyboardUITestsLaunchTests.swift */; };
		25E54E7B2B832D680088F18C /* KeyboardViewController.swift in Sources */ = {isa = PBXBuildFile; fileRef = 25E54E7A2B832D680088F18C /* KeyboardViewController.swift */; };
		25E54E7F2B832D680088F18C /* NxtKeyboard.appex in Embed Foundation Extensions */ = {isa = PBXBuildFile; fileRef = 25E54E782B832D680088F18C /* NxtKeyboard.appex */; settings = {ATTRIBUTES = (RemoveHeadersOnCopy, ); }; };
/* End PBXBuildFile section */

/* Begin PBXContainerItemProxy section */
		25E54E582B832D3E0088F18C /* PBXContainerItemProxy */ = {
			isa = PBXContainerItemProxy;
			containerPortal = 25E54E392B832D3D0088F18C /* Project object */;
			proxyType = 1;
			remoteGlobalIDString = 25E54E402B832D3D0088F18C;
			remoteInfo = Keyboard;
		};
		25E54E622B832D3E0088F18C /* PBXContainerItemProxy */ = {
			isa = PBXContainerItemProxy;
			containerPortal = 25E54E392B832D3D0088F18C /* Project object */;
			proxyType = 1;
			remoteGlobalIDString = 25E54E402B832D3D0088F18C;
			remoteInfo = Keyboard;
		};
		25E54E7D2B832D680088F18C /* PBXContainerItemProxy */ = {
			isa = PBXContainerItemProxy;
			containerPortal = 25E54E392B832D3D0088F18C /* Project object */;
			proxyType = 1;
			remoteGlobalIDString = 25E54E772B832D680088F18C;
			remoteInfo = NxtKeyboard;
		};
/* End PBXContainerItemProxy section */

/* Begin PBXCopyFilesBuildPhase section */
		25E54E832B832D680088F18C /* Embed Foundation Extensions */ = {
			isa = PBXCopyFilesBuildPhase;
			buildActionMask = 2147483647;
			dstPath = "";
			dstSubfolderSpec = 13;
			files = (
				25E54E7F2B832D680088F18C /* NxtKeyboard.appex in Embed Foundation Extensions */,
			);
			name = "Embed Foundation Extensions";
			runOnlyForDeploymentPostprocessing = 0;
		};
/* End PBXCopyFilesBuildPhase section */

/* Begin PBXFileReference section */
		25E54E412B832D3D0088F18C /* Keyboard.app */ = {isa = PBXFileReference; explicitFileType = wrapper.application; includeInIndex = 0; path = Keyboard.app; sourceTree = BUILT_PRODUCTS_DIR; };
		25E54E442B832D3D0088F18C /* AppDelegate.swift */ = {isa = PBXFileReference; lastKnownFileType = sourcecode.swift; path = AppDelegate.swift; sourceTree = "<group>"; };
		25E54E462B832D3D0088F18C /* SceneDelegate.swift */ = {isa = PBXFileReference; lastKnownFileType = sourcecode.swift; path = SceneDelegate.swift; sourceTree = "<group>"; };
		25E54E482B832D3D0088F18C /* ViewController.swift */ = {isa = PBXFileReference; lastKnownFileType = sourcecode.swift; path = ViewController.swift; sourceTree = "<group>"; };
		25E54E4B2B832D3D0088F18C /* Base */ = {isa = PBXFileReference; lastKnownFileType = file.storyboard; name = Base; path = Base.lproj/Main.storyboard; sourceTree = "<group>"; };
		25E54E4D2B832D3E0088F18C /* Assets.xcassets */ = {isa = PBXFileReference; lastKnownFileType = folder.assetcatalog; path = Assets.xcassets; sourceTree = "<group>"; };
		25E54E502B832D3E0088F18C /* Base */ = {isa = PBXFileReference; lastKnownFileType = file.storyboard; name = Base; path = Base.lproj/LaunchScreen.storyboard; sourceTree = "<group>"; };
		25E54E522B832D3E0088F18C /* Info.plist */ = {isa = PBXFileReference; lastKnownFileType = text.plist.xml; path = Info.plist; sourceTree = "<group>"; };
		25E54E572B832D3E0088F18C /* KeyboardTests.xctest */ = {isa = PBXFileReference; explicitFileType = wrapper.cfbundle; includeInIndex = 0; path = KeyboardTests.xctest; sourceTree = BUILT_PRODUCTS_DIR; };
		25E54E5B2B832D3E0088F18C /* KeyboardTests.swift */ = {isa = PBXFileReference; lastKnownFileType = sourcecode.swift; path = KeyboardTests.swift; sourceTree = "<group>"; };
		25E54E612B832D3E0088F18C /* KeyboardUITests.xctest */ = {isa = PBXFileReference; explicitFileType = wrapper.cfbundle; includeInIndex = 0; path = KeyboardUITests.xctest; sourceTree = BUILT_PRODUCTS_DIR; };
		25E54E652B832D3E0088F18C /* KeyboardUITests.swift */ = {isa = PBXFileReference; lastKnownFileType = sourcecode.swift; path = KeyboardUITests.swift; sourceTree = "<group>"; };
		25E54E672B832D3E0088F18C /* KeyboardUITestsLaunchTests.swift */ = {isa = PBXFileReference; lastKnownFileType = sourcecode.swift; path = KeyboardUITestsLaunchTests.swift; sourceTree = "<group>"; };
		25E54E782B832D680088F18C /* NxtKeyboard.appex */ = {isa = PBXFileReference; explicitFileType = "wrapper.app-extension"; includeInIndex = 0; path = NxtKeyboard.appex; sourceTree = BUILT_PRODUCTS_DIR; };
		25E54E7A2B832D680088F18C /* KeyboardViewController.swift */ = {isa = PBXFileReference; lastKnownFileType = sourcecode.swift; path = KeyboardViewController.swift; sourceTree = "<group>"; };
		25E54E7C2B832D680088F18C /* Info.plist */ = {isa = PBXFileReference; lastKnownFileType = text.plist.xml; path = Info.plist; sourceTree = "<group>"; };
/* End PBXFileReference section */

/* Begin PBXFrameworksBuildPhase section */
		25E54E3E2B832D3D0088F18C /* Frameworks */ = {
			isa = PBXFrameworksBuildPhase;
			buildActionMask = 2147483647;
			files = (
			);
			runOnlyForDeploymentPostprocessing = 0;
		};
		25E54E542B832D3E0088F18C /* Frameworks */ = {
			isa = PBXFrameworksBuildPhase;
			buildActionMask = 2147483647;
			files = (
			);
			runOnlyForDeploymentPostprocessing = 0;
		};
		25E54E5E2B832D3E0088F18C /* Frameworks */ = {
			isa = PBXFrameworksBuildPhase;
			buildActionMask = 2147483647;
			files = (
			);
			runOnlyForDeploymentPostprocessing = 0;
		};
		25E54E752B832D680088F18C /* Frameworks */ = {
			isa = PBXFrameworksBuildPhase;
			buildActionMask = 2147483647;
			files = (
			);
			runOnlyForDeploymentPostprocessing = 0;
		};
/* End PBXFrameworksBuildPhase section */

/* Begin PBXGroup section */
		25E54E382B832D3D0088F18C = {
			isa = PBXGroup;
			children = (
				25E54E432B832D3D0088F18C /* Keyboard */,
				25E54E5A2B832D3E0088F18C /* KeyboardTests */,
				25E54E642B832D3E0088F18C /* KeyboardUITests */,
				25E54E792B832D680088F18C /* NxtKeyboard */,
				25E54E422B832D3D0088F18C /* Products */,
			);
			sourceTree = "<group>";
		};
		25E54E422B832D3D0088F18C /* Products */ = {
			isa = PBXGroup;
			children = (
				25E54E412B832D3D0088F18C /* Keyboard.app */,
				25E54E572B832D3E0088F18C /* KeyboardTests.xctest */,
				25E54E612B832D3E0088F18C /* KeyboardUITests.xctest */,
				25E54E782B832D680088F18C /* NxtKeyboard.appex */,
			);
			name = Products;
			sourceTree = "<group>";
		};
		25E54E432B832D3D0088F18C /* Keyboard */ = {
			isa = PBXGroup;
			children = (
				25E54E442B832D3D0088F18C /* AppDelegate.swift */,
				25E54E462B832D3D0088F18C /* SceneDelegate.swift */,
				25E54E482B832D3D0088F18C /* ViewController.swift */,
				25E54E4A2B832D3D0088F18C /* Main.storyboard */,
				25E54E4D2B832D3E0088F18C /* Assets.xcassets */,
				25E54E4F2B832D3E0088F18C /* LaunchScreen.storyboard */,
				25E54E522B832D3E0088F18C /* Info.plist */,
			);
			path = Keyboard;
			sourceTree = "<group>";
		};
		25E54E5A2B832D3E0088F18C /* KeyboardTests */ = {
			isa = PBXGroup;
			children = (
				25E54E5B2B832D3E0088F18C /* KeyboardTests.swift */,
			);
			path = KeyboardTests;
			sourceTree = "<group>";
		};
		25E54E642B832D3E0088F18C /* KeyboardUITests */ = {
			isa = PBXGroup;
			children = (
				25E54E652B832D3E0088F18C /* KeyboardUITests.swift */,
				25E54E672B832D3E0088F18C /* KeyboardUITestsLaunchTests.swift */,
			);
			path = KeyboardUITests;
			sourceTree = "<group>";
		};
		25E54E792B832D680088F18C /* NxtKeyboard */ = {
			isa = PBXGroup;
			children = (
				25E54E7A2B832D680088F18C /* KeyboardViewController.swift */,
				25E54E7C2B832D680088F18C /* Info.plist */,
			);
			path = NxtKeyboard;
			sourceTree = "<group>";
		};
/* End PBXGroup section */

/* Begin PBXNativeTarget section */
		25E54E402B832D3D0088F18C /* Keyboard */ = {
			isa = PBXNativeTarget;
			buildConfigurationList = 25E54E6B2B832D3E0088F18C /* Build configuration list for PBXNativeTarget "Keyboard" */;
			buildPhases = (
				25E54E3D2B832D3D0088F18C /* Sources */,
				25E54E3E2B832D3D0088F18C /* Frameworks */,
				25E54E3F2B832D3D0088F18C /* Resources */,
				25E54E832B832D680088F18C /* Embed Foundation Extensions */,
			);
			buildRules = (
			);
			dependencies = (
				25E54E7E2B832D680088F18C /* PBXTargetDependency */,
			);
			name = Keyboard;
			productName = Keyboard;
			productReference = 25E54E412B832D3D0088F18C /* Keyboard.app */;
			productType = "com.apple.product-type.application";
		};
		25E54E562B832D3E0088F18C /* KeyboardTests */ = {
			isa = PBXNativeTarget;
			buildConfigurationList = 25E54E6E2B832D3E0088F18C /* Build configuration list for PBXNativeTarget "KeyboardTests" */;
			buildPhases = (
				25E54E532B832D3E0088F18C /* Sources */,
				25E54E542B832D3E0088F18C /* Frameworks */,
				25E54E552B832D3E0088F18C /* Resources */,
			);
			buildRules = (
			);
			dependencies = (
				25E54E592B832D3E0088F18C /* PBXTargetDependency */,
			);
			name = KeyboardTests;
			productName = KeyboardTests;
			productReference = 25E54E572B832D3E0088F18C /* KeyboardTests.xctest */;
			productType = "com.apple.product-type.bundle.unit-test";
		};
		25E54E602B832D3E0088F18C /* KeyboardUITests */ = {
			isa = PBXNativeTarget;
			buildConfigurationList = 25E54E712B832D3E0088F18C /* Build configuration list for PBXNativeTarget "KeyboardUITests" */;
			buildPhases = (
				25E54E5D2B832D3E0088F18C /* Sources */,
				25E54E5E2B832D3E0088F18C /* Frameworks */,
				25E54E5F2B832D3E0088F18C /* Resources */,
			);
			buildRules = (
			);
			dependencies = (
				25E54E632B832D3E0088F18C /* PBXTargetDependency */,
			);
			name = KeyboardUITests;
			productName = KeyboardUITests;
			productReference = 25E54E612B832D3E0088F18C /* KeyboardUITests.xctest */;
			productType = "com.apple.product-type.bundle.ui-testing";
		};
		25E54E772B832D680088F18C /* NxtKeyboard */ = {
			isa = PBXNativeTarget;
			buildConfigurationList = 25E54E802B832D680088F18C /* Build configuration list for PBXNativeTarget "NxtKeyboard" */;
			buildPhases = (
				25E54E742B832D680088F18C /* Sources */,
				25E54E752B832D680088F18C /* Frameworks */,
				25E54E762B832D680088F18C /* Resources */,
			);
			buildRules = (
			);
			dependencies = (
			);
			name = NxtKeyboard;
			productName = NxtKeyboard;
			productReference = 25E54E782B832D680088F18C /* NxtKeyboard.appex */;
			productType = "com.apple.product-type.app-extension";
		};
/* End PBXNativeTarget section */

/* Begin PBXProject section */
		25E54E392B832D3D0088F18C /* Project object */ = {
			isa = PBXProject;
			attributes = {
				BuildIndependentTargetsInParallel = 1;
				LastSwiftUpdateCheck = 1520;
				LastUpgradeCheck = 1520;
				TargetAttributes = {
					25E54E402B832D3D0088F18C = {
						CreatedOnToolsVersion = 15.2;
					};
					25E54E562B832D3E0088F18C = {
						CreatedOnToolsVersion = 15.2;
						TestTargetID = 25E54E402B832D3D0088F18C;
					};
					25E54E602B832D3E0088F18C = {
						CreatedOnToolsVersion = 15.2;
						TestTargetID = 25E54E402B832D3D0088F18C;
					};
					25E54E772B832D680088F18C = {
						CreatedOnToolsVersion = 15.2;
					};
				};
			};
			buildConfigurationList = 25E54E3C2B832D3D0088F18C /* Build configuration list for PBXProject "Keyboard" */;
			compatibilityVersion = "Xcode 14.0";
			developmentRegion = en;
			hasScannedForEncodings = 0;
			knownRegions = (
				en,
				Base,
			);
			mainGroup = 25E54E382B832D3D0088F18C;
			productRefGroup = 25E54E422B832D3D0088F18C /* Products */;
			projectDirPath = "";
			projectRoot = "";
			targets = (
				25E54E402B832D3D0088F18C /* Keyboard */,
				25E54E562B832D3E0088F18C /* KeyboardTests */,
				25E54E602B832D3E0088F18C /* KeyboardUITests */,
				25E54E772B832D680088F18C /* NxtKeyboard */,
			);
		};
/* End PBXProject section */

/* Begin PBXResourcesBuildPhase section */
		25E54E3F2B832D3D0088F18C /* Resources */ = {
			isa = PBXResourcesBuildPhase;
			buildActionMask = 2147483647;
			files = (
				25E54E512B832D3E0088F18C /* LaunchScreen.storyboard in Resources */,
				25E54E4E2B832D3E0088F18C /* Assets.xcassets in Resources */,
				25E54E4C2B832D3D0088F18C /* Main.storyboard in Resources */,
			);
			runOnlyForDeploymentPostprocessing = 0;
		};
		25E54E552B832D3E0088F18C /* Resources */ = {
			isa = PBXResourcesBuildPhase;
			buildActionMask = 2147483647;
			files = (
			);
			runOnlyForDeploymentPostprocessing = 0;
		};
		25E54E5F2B832D3E0088F18C /* Resources */ = {
			isa = PBXResourcesBuildPhase;
			buildActionMask = 2147483647;
			files = (
			);
			runOnlyForDeploymentPostprocessing = 0;
		};
		25E54E762B832D680088F18C /* Resources */ = {
			isa = PBXResourcesBuildPhase;
			buildActionMask = 2147483647;
			files = (
			);
			runOnlyForDeploymentPostprocessing = 0;
		};
/* End PBXResourcesBuildPhase section */

/* Begin PBXSourcesBuildPhase section */
		25E54E3D2B832D3D0088F18C /* Sources */ = {
			isa = PBXSourcesBuildPhase;
			buildActionMask = 2147483647;
			files = (
				25E54E492B832D3D0088F18C /* ViewController.swift in Sources */,
				25E54E452B832D3D0088F18C /* AppDelegate.swift in Sources */,
				25E54E472B832D3D0088F18C /* SceneDelegate.swift in Sources */,
			);
			runOnlyForDeploymentPostprocessing = 0;
		};
		25E54E532B832D3E0088F18C /* Sources */ = {
			isa = PBXSourcesBuildPhase;
			buildActionMask = 2147483647;
			files = (
				25E54E5C2B832D3E0088F18C /* KeyboardTests.swift in Sources */,
			);
			runOnlyForDeploymentPostprocessing = 0;
		};
		25E54E5D2B832D3E0088F18C /* Sources */ = {
			isa = PBXSourcesBuildPhase;
			buildActionMask = 2147483647;
			files = (
				25E54E682B832D3E0088F18C /* KeyboardUITestsLaunchTests.swift in Sources */,
				25E54E662B832D3E0088F18C /* KeyboardUITests.swift in Sources */,
			);
			runOnlyForDeploymentPostprocessing = 0;
		};
		25E54E742B832D680088F18C /* Sources */ = {
			isa = PBXSourcesBuildPhase;
			buildActionMask = 2147483647;
			files = (
				25E54E7B2B832D680088F18C /* KeyboardViewController.swift in Sources */,
			);
			runOnlyForDeploymentPostprocessing = 0;
		};
/* End PBXSourcesBuildPhase section */

/* Begin PBXTargetDependency section */
		25E54E592B832D3E0088F18C /* PBXTargetDependency */ = {
			isa = PBXTargetDependency;
			target = 25E54E402B832D3D0088F18C /* Keyboard */;
			targetProxy = 25E54E582B832D3E0088F18C /* PBXContainerItemProxy */;
		};
		25E54E632B832D3E0088F18C /* PBXTargetDependency */ = {
			isa = PBXTargetDependency;
			target = 25E54E402B832D3D0088F18C /* Keyboard */;
			targetProxy = 25E54E622B832D3E0088F18C /* PBXContainerItemProxy */;
		};
		25E54E7E2B832D680088F18C /* PBXTargetDependency */ = {
			isa = PBXTargetDependency;
			target = 25E54E772B832D680088F18C /* NxtKeyboard */;
			targetProxy = 25E54E7D2B832D680088F18C /* PBXContainerItemProxy */;
		};
/* End PBXTargetDependency section */

/* Begin PBXVariantGroup section */
		25E54E4A2B832D3D0088F18C /* Main.storyboard */ = {
			isa = PBXVariantGroup;
			children = (
				25E54E4B2B832D3D0088F18C /* Base */,
			);
			name = Main.storyboard;
			sourceTree = "<group>";
		};
		25E54E4F2B832D3E0088F18C /* LaunchScreen.storyboard */ = {
			isa = PBXVariantGroup;
			children = (
				25E54E502B832D3E0088F18C /* Base */,
			);
			name = LaunchScreen.storyboard;
			sourceTree = "<group>";
		};
/* End PBXVariantGroup section */

/* Begin XCBuildConfiguration section */
		25E54E692B832D3E0088F18C /* Debug */ = {
			isa = XCBuildConfiguration;
			buildSettings = {
				ALWAYS_SEARCH_USER_PATHS = NO;
				ASSETCATALOG_COMPILER_GENERATE_SWIFT_ASSET_SYMBOL_EXTENSIONS = YES;
				CLANG_ANALYZER_NONNULL = YES;
				CLANG_ANALYZER_NUMBER_OBJECT_CONVERSION = YES_AGGRESSIVE;
				CLANG_CXX_LANGUAGE_STANDARD = "gnu++20";
				CLANG_ENABLE_MODULES = YES;
				CLANG_ENABLE_OBJC_ARC = YES;
				CLANG_ENABLE_OBJC_WEAK = YES;
				CLANG_WARN_BLOCK_CAPTURE_AUTORELEASING = YES;
				CLANG_WARN_BOOL_CONVERSION = YES;
				CLANG_WARN_COMMA = YES;
				CLANG_WARN_CONSTANT_CONVERSION = YES;
				CLANG_WARN_DEPRECATED_OBJC_IMPLEMENTATIONS = YES;
				CLANG_WARN_DIRECT_OBJC_ISA_USAGE = YES_ERROR;
				CLANG_WARN_DOCUMENTATION_COMMENTS = YES;
				CLANG_WARN_EMPTY_BODY = YES;
				CLANG_WARN_ENUM_CONVERSION = YES;
				CLANG_WARN_INFINITE_RECURSION = YES;
				CLANG_WARN_INT_CONVERSION = YES;
				CLANG_WARN_NON_LITERAL_NULL_CONVERSION = YES;
				CLANG_WARN_OBJC_IMPLICIT_RETAIN_SELF = YES;
				CLANG_WARN_OBJC_LITERAL_CONVERSION = YES;
				CLANG_WARN_OBJC_ROOT_CLASS = YES_ERROR;
				CLANG_WARN_QUOTED_INCLUDE_IN_FRAMEWORK_HEADER = YES;
				CLANG_WARN_RANGE_LOOP_ANALYSIS = YES;
				CLANG_WARN_STRICT_PROTOTYPES = YES;
				CLANG_WARN_SUSPICIOUS_MOVE = YES;
				CLANG_WARN_UNGUARDED_AVAILABILITY = YES_AGGRESSIVE;
				CLANG_WARN_UNREACHABLE_CODE = YES;
				CLANG_WARN__DUPLICATE_METHOD_MATCH = YES;
				COPY_PHASE_STRIP = NO;
				DEBUG_INFORMATION_FORMAT = dwarf;
				ENABLE_STRICT_OBJC_MSGSEND = YES;
				ENABLE_TESTABILITY = YES;
				ENABLE_USER_SCRIPT_SANDBOXING = YES;
				GCC_C_LANGUAGE_STANDARD = gnu17;
				GCC_DYNAMIC_NO_PIC = NO;
				GCC_NO_COMMON_BLOCKS = YES;
				GCC_OPTIMIZATION_LEVEL = 0;
				GCC_PREPROCESSOR_DEFINITIONS = (
					"DEBUG=1",
					"$(inherited)",
				);
				GCC_WARN_64_TO_32_BIT_CONVERSION = YES;
				GCC_WARN_ABOUT_RETURN_TYPE = YES_ERROR;
				GCC_WARN_UNDECLARED_SELECTOR = YES;
				GCC_WARN_UNINITIALIZED_AUTOS = YES_AGGRESSIVE;
				GCC_WARN_UNUSED_FUNCTION = YES;
				GCC_WARN_UNUSED_VARIABLE = YES;
				IPHONEOS_DEPLOYMENT_TARGET = 17.2;
				LOCALIZATION_PREFERS_STRING_CATALOGS = YES;
				MTL_ENABLE_DEBUG_INFO = INCLUDE_SOURCE;
				MTL_FAST_MATH = YES;
				ONLY_ACTIVE_ARCH = YES;
				SDKROOT = iphoneos;
				SWIFT_ACTIVE_COMPILATION_CONDITIONS = "DEBUG $(inherited)";
				SWIFT_OPTIMIZATION_LEVEL = "-Onone";
			};
			name = Debug;
		};
		25E54E6A2B832D3E0088F18C /* Release */ = {
			isa = XCBuildConfiguration;
			buildSettings = {
				ALWAYS_SEARCH_USER_PATHS = NO;
				ASSETCATALOG_COMPILER_GENERATE_SWIFT_ASSET_SYMBOL_EXTENSIONS = YES;
				CLANG_ANALYZER_NONNULL = YES;
				CLANG_ANALYZER_NUMBER_OBJECT_CONVERSION = YES_AGGRESSIVE;
				CLANG_CXX_LANGUAGE_STANDARD = "gnu++20";
				CLANG_ENABLE_MODULES = YES;
				CLANG_ENABLE_OBJC_ARC = YES;
				CLANG_ENABLE_OBJC_WEAK = YES;
				CLANG_WARN_BLOCK_CAPTURE_AUTORELEASING = YES;
				CLANG_WARN_BOOL_CONVERSION = YES;
				CLANG_WARN_COMMA = YES;
				CLANG_WARN_CONSTANT_CONVERSION = YES;
				CLANG_WARN_DEPRECATED_OBJC_IMPLEMENTATIONS = YES;
				CLANG_WARN_DIRECT_OBJC_ISA_USAGE = YES_ERROR;
				CLANG_WARN_DOCUMENTATION_COMMENTS = YES;
				CLANG_WARN_EMPTY_BODY = YES;
				CLANG_WARN_ENUM_CONVERSION = YES;
				CLANG_WARN_INFINITE_RECURSION = YES;
				CLANG_WARN_INT_CONVERSION = YES;
				CLANG_WARN_NON_LITERAL_NULL_CONVERSION = YES;
				CLANG_WARN_OBJC_IMPLICIT_RETAIN_SELF = YES;
				CLANG_WARN_OBJC_LITERAL_CONVERSION = YES;
				CLANG_WARN_OBJC_ROOT_CLASS = YES_ERROR;
				CLANG_WARN_QUOTED_INCLUDE_IN_FRAMEWORK_HEADER = YES;
				CLANG_WARN_RANGE_LOOP_ANALYSIS = YES;
				CLANG_WARN_STRICT_PROTOTYPES = YES;
				CLANG_WARN_SUSPICIOUS_MOVE = YES;
				CLANG_WARN_UNGUARDED_AVAILABILITY = YES_AGGRESSIVE;
				CLANG_WARN_UNREACHABLE_CODE = YES;
				CLANG_WARN__DUPLICATE_METHOD_MATCH = YES;
				COPY_PHASE_STRIP = NO;
				DEBUG_INFORMATION_FORMAT = "dwarf-with-dsym";
				ENABLE_NS_ASSERTIONS = NO;
				ENABLE_STRICT_OBJC_MSGSEND = YES;
				ENABLE_USER_SCRIPT_SANDBOXING = YES;
				GCC_C_LANGUAGE_STANDARD = gnu17;
				GCC_NO_COMMON_BLOCKS = YES;
				GCC_WARN_64_TO_32_BIT_CONVERSION = YES;
				GCC_WARN_ABOUT_RETURN_TYPE = YES_ERROR;
				GCC_WARN_UNDECLARED_SELECTOR = YES;
				GCC_WARN_UNINITIALIZED_AUTOS = YES_AGGRESSIVE;
				GCC_WARN_UNUSED_FUNCTION = YES;
				GCC_WARN_UNUSED_VARIABLE = YES;
				IPHONEOS_DEPLOYMENT_TARGET = 17.2;
				LOCALIZATION_PREFERS_STRING_CATALOGS = YES;
				MTL_ENABLE_DEBUG_INFO = NO;
				MTL_FAST_MATH = YES;
				SDKROOT = iphoneos;
				SWIFT_COMPILATION_MODE = wholemodule;
				VALIDATE_PRODUCT = YES;
			};
			name = Release;
		};
		25E54E6C2B832D3E0088F18C /* Debug */ = {
			isa = XCBuildConfiguration;
			buildSettings = {
				ALWAYS_EMBED_SWIFT_STANDARD_LIBRARIES = YES;
				ASSETCATALOG_COMPILER_APPICON_NAME = AppIcon;
				ASSETCATALOG_COMPILER_GLOBAL_ACCENT_COLOR_NAME = AccentColor;
				CODE_SIGN_STYLE = Automatic;
				CURRENT_PROJECT_VERSION = 1;
				GENERATE_INFOPLIST_FILE = YES;
				INFOPLIST_FILE = Keyboard/Info.plist;
				INFOPLIST_KEY_UIApplicationSupportsIndirectInputEvents = YES;
				INFOPLIST_KEY_UILaunchStoryboardName = LaunchScreen;
				INFOPLIST_KEY_UIMainStoryboardFile = Main;
				INFOPLIST_KEY_UISupportedInterfaceOrientations_iPad = "UIInterfaceOrientationPortrait UIInterfaceOrientationPortraitUpsideDown UIInterfaceOrientationLandscapeLeft UIInterfaceOrientationLandscapeRight";
				INFOPLIST_KEY_UISupportedInterfaceOrientations_iPhone = "UIInterfaceOrientationPortrait UIInterfaceOrientationLandscapeLeft UIInterfaceOrientationLandscapeRight";
				LD_RUNPATH_SEARCH_PATHS = (
					"$(inherited)",
					"@executable_path/Frameworks",
				);
				MARKETING_VERSION = 1.0;
				PRODUCT_BUNDLE_IDENTIFIER = com.vuedata.Keyboard;
				PRODUCT_NAME = "$(TARGET_NAME)";
				SWIFT_EMIT_LOC_STRINGS = YES;
				SWIFT_VERSION = 5.0;
				TARGETED_DEVICE_FAMILY = "1,2";
			};
			name = Debug;
		};
		25E54E6D2B832D3E0088F18C /* Release */ = {
			isa = XCBuildConfiguration;
			buildSettings = {
				ALWAYS_EMBED_SWIFT_STANDARD_LIBRARIES = YES;
				ASSETCATALOG_COMPILER_APPICON_NAME = AppIcon;
				ASSETCATALOG_COMPILER_GLOBAL_ACCENT_COLOR_NAME = AccentColor;
				CODE_SIGN_STYLE = Automatic;
				CURRENT_PROJECT_VERSION = 1;
				GENERATE_INFOPLIST_FILE = YES;
				INFOPLIST_FILE = Keyboard/Info.plist;
				INFOPLIST_KEY_UIApplicationSupportsIndirectInputEvents = YES;
				INFOPLIST_KEY_UILaunchStoryboardName = LaunchScreen;
				INFOPLIST_KEY_UIMainStoryboardFile = Main;
				INFOPLIST_KEY_UISupportedInterfaceOrientations_iPad = "UIInterfaceOrientationPortrait UIInterfaceOrientationPortraitUpsideDown UIInterfaceOrientationLandscapeLeft UIInterfaceOrientationLandscapeRight";
				INFOPLIST_KEY_UISupportedInterfaceOrientations_iPhone = "UIInterfaceOrientationPortrait UIInterfaceOrientationLandscapeLeft UIInterfaceOrientationLandscapeRight";
				LD_RUNPATH_SEARCH_PATHS = (
					"$(inherited)",
					"@executable_path/Frameworks",
				);
				MARKETING_VERSION = 1.0;
				PRODUCT_BUNDLE_IDENTIFIER = com.vuedata.Keyboard;
				PRODUCT_NAME = "$(TARGET_NAME)";
				SWIFT_EMIT_LOC_STRINGS = YES;
				SWIFT_VERSION = 5.0;
				TARGETED_DEVICE_FAMILY = "1,2";
			};
			name = Release;
		};
		25E54E6F2B832D3E0088F18C /* Debug */ = {
			isa = XCBuildConfiguration;
			buildSettings = {
				ALWAYS_EMBED_SWIFT_STANDARD_LIBRARIES = YES;
				BUNDLE_LOADER = "$(TEST_HOST)";
				CODE_SIGN_STYLE = Automatic;
				CURRENT_PROJECT_VERSION = 1;
				GENERATE_INFOPLIST_FILE = YES;
				IPHONEOS_DEPLOYMENT_TARGET = 17.2;
				MARKETING_VERSION = 1.0;
				PRODUCT_BUNDLE_IDENTIFIER = com.vuedata.KeyboardTests;
				PRODUCT_NAME = "$(TARGET_NAME)";
				SWIFT_EMIT_LOC_STRINGS = NO;
				SWIFT_VERSION = 5.0;
				TARGETED_DEVICE_FAMILY = "1,2";
				TEST_HOST = "$(BUILT_PRODUCTS_DIR)/Keyboard.app/$(BUNDLE_EXECUTABLE_FOLDER_PATH)/Keyboard";
			};
			name = Debug;
		};
		25E54E702B832D3E0088F18C /* Release */ = {
			isa = XCBuildConfiguration;
			buildSettings = {
				ALWAYS_EMBED_SWIFT_STANDARD_LIBRARIES = YES;
				BUNDLE_LOADER = "$(TEST_HOST)";
				CODE_SIGN_STYLE = Automatic;
				CURRENT_PROJECT_VERSION = 1;
				GENERATE_INFOPLIST_FILE = YES;
				IPHONEOS_DEPLOYMENT_TARGET = 17.2;
				MARKETING_VERSION = 1.0;
				PRODUCT_BUNDLE_IDENTIFIER = com.vuedata.KeyboardTests;
				PRODUCT_NAME = "$(TARGET_NAME)";
				SWIFT_EMIT_LOC_STRINGS = NO;
				SWIFT_VERSION = 5.0;
				TARGETED_DEVICE_FAMILY = "1,2";
				TEST_HOST = "$(BUILT_PRODUCTS_DIR)/Keyboard.app/$(BUNDLE_EXECUTABLE_FOLDER_PATH)/Keyboard";
			};
			name = Release;
		};
		25E54E722B832D3E0088F18C /* Debug */ = {
			isa = XCBuildConfiguration;
			buildSettings = {
				ALWAYS_EMBED_SWIFT_STANDARD_LIBRARIES = YES;
				CODE_SIGN_STYLE = Automatic;
				CURRENT_PROJECT_VERSION = 1;
				GENERATE_INFOPLIST_FILE = YES;
				MARKETING_VERSION = 1.0;
				PRODUCT_BUNDLE_IDENTIFIER = com.vuedata.KeyboardUITests;
				PRODUCT_NAME = "$(TARGET_NAME)";
				SWIFT_EMIT_LOC_STRINGS = NO;
				SWIFT_VERSION = 5.0;
				TARGETED_DEVICE_FAMILY = "1,2";
				TEST_TARGET_NAME = Keyboard;
			};
			name = Debug;
		};
		25E54E732B832D3E0088F18C /* Release */ = {
			isa = XCBuildConfiguration;
			buildSettings = {
				ALWAYS_EMBED_SWIFT_STANDARD_LIBRARIES = YES;
				CODE_SIGN_STYLE = Automatic;
				CURRENT_PROJECT_VERSION = 1;
				GENERATE_INFOPLIST_FILE = YES;
				MARKETING_VERSION = 1.0;
				PRODUCT_BUNDLE_IDENTIFIER = com.vuedata.KeyboardUITests;
				PRODUCT_NAME = "$(TARGET_NAME)";
				SWIFT_EMIT_LOC_STRINGS = NO;
				SWIFT_VERSION = 5.0;
				TARGETED_DEVICE_FAMILY = "1,2";
				TEST_TARGET_NAME = Keyboard;
			};
			name = Release;
		};
		25E54E812B832D680088F18C /* Debug */ = {
			isa = XCBuildConfiguration;
			buildSettings = {
				CODE_SIGN_STYLE = Automatic;
				CURRENT_PROJECT_VERSION = 1;
				GENERATE_INFOPLIST_FILE = YES;
				INFOPLIST_FILE = NxtKeyboard/Info.plist;
				INFOPLIST_KEY_CFBundleDisplayName = NxtKeyboard;
				INFOPLIST_KEY_NSHumanReadableCopyright = "";
				LD_RUNPATH_SEARCH_PATHS = (
					"$(inherited)",
					"@executable_path/Frameworks",
					"@executable_path/../../Frameworks",
				);
				MARKETING_VERSION = 1.0;
				PRODUCT_BUNDLE_IDENTIFIER = com.vuedata.Keyboard.NxtKeyboard;
				PRODUCT_NAME = "$(TARGET_NAME)";
				SKIP_INSTALL = YES;
				SWIFT_EMIT_LOC_STRINGS = YES;
				SWIFT_VERSION = 5.0;
				TARGETED_DEVICE_FAMILY = "1,2";
			};
			name = Debug;
		};
		25E54E822B832D680088F18C /* Release */ = {
			isa = XCBuildConfiguration;
			buildSettings = {
				CODE_SIGN_STYLE = Automatic;
				CURRENT_PROJECT_VERSION = 1;
				GENERATE_INFOPLIST_FILE = YES;
				INFOPLIST_FILE = NxtKeyboard/Info.plist;
				INFOPLIST_KEY_CFBundleDisplayName = NxtKeyboard;
				INFOPLIST_KEY_NSHumanReadableCopyright = "";
				LD_RUNPATH_SEARCH_PATHS = (
					"$(inherited)",
					"@executable_path/Frameworks",
					"@executable_path/../../Frameworks",
				);
				MARKETING_VERSION = 1.0;
				PRODUCT_BUNDLE_IDENTIFIER = com.vuedata.Keyboard.NxtKeyboard;
				PRODUCT_NAME = "$(TARGET_NAME)";
				SKIP_INSTALL = YES;
				SWIFT_EMIT_LOC_STRINGS = YES;
				SWIFT_VERSION = 5.0;
				TARGETED_DEVICE_FAMILY = "1,2";
			};
			name = Release;
		};
/* End XCBuildConfiguration section */

/* Begin XCConfigurationList section */
		25E54E3C2B832D3D0088F18C /* Build configuration list for PBXProject "Keyboard" */ = {
			isa = XCConfigurationList;
			buildConfigurations = (
				25E54E692B832D3E0088F18C /* Debug */,
				25E54E6A2B832D3E0088F18C /* Release */,
			);
			defaultConfigurationIsVisible = 0;
			defaultConfigurationName = Release;
		};
		25E54E6B2B832D3E0088F18C /* Build configuration list for PBXNativeTarget "Keyboard" */ = {
			isa = XCConfigurationList;
			buildConfigurations = (
				25E54E6C2B832D3E0088F18C /* Debug */,
				25E54E6D2B832D3E0088F18C /* Release */,
			);
			defaultConfigurationIsVisible = 0;
			defaultConfigurationName = Release;
		};
		25E54E6E2B832D3E0088F18C /* Build configuration list for PBXNativeTarget "KeyboardTests" */ = {
			isa = XCConfigurationList;
			buildConfigurations = (
				25E54E6F2B832D3E0088F18C /* Debug */,
				25E54E702B832D3E0088F18C /* Release */,
			);
			defaultConfigurationIsVisible = 0;
			defaultConfigurationName = Release;
		};
		25E54E712B832D3E0088F18C /* Build configuration list for PBXNativeTarget "KeyboardUITests" */ = {
			isa = XCConfigurationList;
			buildConfigurations = (
				25E54E722B832D3E0088F18C /* Debug */,
				25E54E732B832D3E0088F18C /* Release */,
			);
			defaultConfigurationIsVisible = 0;
			defaultConfigurationName = Release;
		};
		25E54E802B832D680088F18C /* Build configuration list for PBXNativeTarget "NxtKeyboard" */ = {
			isa = XCConfigurationList;
			buildConfigurations = (
				25E54E812B832D680088F18C /* Debug */,
				25E54E822B832D680088F18C /* Release */,
			);
			defaultConfigurationIsVisible = 0;
			defaultConfigurationName = Release;
		};
/* End XCConfigurationList section */
	};
	rootObject = 25E54E392B832D3D0088F18C /* Project object */;
}
