// !$*UTF8*$!
{
	archiveVersion = 1;
	classes = {
	};
	objectVersion = 56;
	objects = {

/* Begin PBXBuildFile section */
		253266F62B8355A700D85F1E /* ApiManager.swift in Sources */ = {isa = PBXBuildFile; fileRef = 253266F52B8355A700D85F1E /* ApiManager.swift */; };
		25BD9E732B75180F00C7190D /* AppDelegate.swift in Sources */ = {isa = PBXBuildFile; fileRef = 25BD9E722B75180F00C7190D /* AppDelegate.swift */; };
		25BD9E752B75180F00C7190D /* SceneDelegate.swift in Sources */ = {isa = PBXBuildFile; fileRef = 25BD9E742B75180F00C7190D /* SceneDelegate.swift */; };
		25BD9E772B75180F00C7190D /* ViewController.swift in Sources */ = {isa = PBXBuildFile; fileRef = 25BD9E762B75180F00C7190D /* ViewController.swift */; };
		25BD9E7A2B75180F00C7190D /* Main.storyboard in Resources */ = {isa = PBXBuildFile; fileRef = 25BD9E782B75180F00C7190D /* Main.storyboard */; };
		25BD9E7C2B75181200C7190D /* Assets.xcassets in Resources */ = {isa = PBXBuildFile; fileRef = 25BD9E7B2B75181200C7190D /* Assets.xcassets */; };
		25BD9E7F2B75181200C7190D /* LaunchScreen.storyboard in Resources */ = {isa = PBXBuildFile; fileRef = 25BD9E7D2B75181200C7190D /* LaunchScreen.storyboard */; };
		25BD9E8A2B75181300C7190D /* ApiVCTests.swift in Sources */ = {isa = PBXBuildFile; fileRef = 25BD9E892B75181300C7190D /* ApiVCTests.swift */; };
		25BD9E942B75181300C7190D /* ApiVCUITests.swift in Sources */ = {isa = PBXBuildFile; fileRef = 25BD9E932B75181300C7190D /* ApiVCUITests.swift */; };
		25BD9E962B75181300C7190D /* ApiVCUITestsLaunchTests.swift in Sources */ = {isa = PBXBuildFile; fileRef = 25BD9E952B75181300C7190D /* ApiVCUITestsLaunchTests.swift */; };
		25BD9EA32B75188300C7190D /* Model.swift in Sources */ = {isa = PBXBuildFile; fileRef = 25BD9EA22B75188300C7190D /* Model.swift */; };
		25BD9EA52B751FF300C7190D /* DetailsCell.swift in Sources */ = {isa = PBXBuildFile; fileRef = 25BD9EA42B751FF300C7190D /* DetailsCell.swift */; };
/* End PBXBuildFile section */

/* Begin PBXContainerItemProxy section */
		25BD9E862B75181300C7190D /* PBXContainerItemProxy */ = {
			isa = PBXContainerItemProxy;
			containerPortal = 25BD9E672B75180F00C7190D /* Project object */;
			proxyType = 1;
			remoteGlobalIDString = 25BD9E6E2B75180F00C7190D;
			remoteInfo = ApiVC;
		};
		25BD9E902B75181300C7190D /* PBXContainerItemProxy */ = {
			isa = PBXContainerItemProxy;
			containerPortal = 25BD9E672B75180F00C7190D /* Project object */;
			proxyType = 1;
			remoteGlobalIDString = 25BD9E6E2B75180F00C7190D;
			remoteInfo = ApiVC;
		};
/* End PBXContainerItemProxy section */

/* Begin PBXFileReference section */
		253266F52B8355A700D85F1E /* ApiManager.swift */ = {isa = PBXFileReference; lastKnownFileType = sourcecode.swift; path = ApiManager.swift; sourceTree = "<group>"; };
		25BD9E6F2B75180F00C7190D /* ApiVC.app */ = {isa = PBXFileReference; explicitFileType = wrapper.application; includeInIndex = 0; path = ApiVC.app; sourceTree = BUILT_PRODUCTS_DIR; };
		25BD9E722B75180F00C7190D /* AppDelegate.swift */ = {isa = PBXFileReference; lastKnownFileType = sourcecode.swift; path = AppDelegate.swift; sourceTree = "<group>"; };
		25BD9E742B75180F00C7190D /* SceneDelegate.swift */ = {isa = PBXFileReference; lastKnownFileType = sourcecode.swift; path = SceneDelegate.swift; sourceTree = "<group>"; };
		25BD9E762B75180F00C7190D /* ViewController.swift */ = {isa = PBXFileReference; lastKnownFileType = sourcecode.swift; path = ViewController.swift; sourceTree = "<group>"; };
		25BD9E792B75180F00C7190D /* Base */ = {isa = PBXFileReference; lastKnownFileType = file.storyboard; name = Base; path = Base.lproj/Main.storyboard; sourceTree = "<group>"; };
		25BD9E7B2B75181200C7190D /* Assets.xcassets */ = {isa = PBXFileReference; lastKnownFileType = folder.assetcatalog; path = Assets.xcassets; sourceTree = "<group>"; };
		25BD9E7E2B75181200C7190D /* Base */ = {isa = PBXFileReference; lastKnownFileType = file.storyboard; name = Base; path = Base.lproj/LaunchScreen.storyboard; sourceTree = "<group>"; };
		25BD9E802B75181200C7190D /* Info.plist */ = {isa = PBXFileReference; lastKnownFileType = text.plist.xml; path = Info.plist; sourceTree = "<group>"; };
		25BD9E852B75181300C7190D /* ApiVCTests.xctest */ = {isa = PBXFileReference; explicitFileType = wrapper.cfbundle; includeInIndex = 0; path = ApiVCTests.xctest; sourceTree = BUILT_PRODUCTS_DIR; };
		25BD9E892B75181300C7190D /* ApiVCTests.swift */ = {isa = PBXFileReference; lastKnownFileType = sourcecode.swift; path = ApiVCTests.swift; sourceTree = "<group>"; };
		25BD9E8F2B75181300C7190D /* ApiVCUITests.xctest */ = {isa = PBXFileReference; explicitFileType = wrapper.cfbundle; includeInIndex = 0; path = ApiVCUITests.xctest; sourceTree = BUILT_PRODUCTS_DIR; };
		25BD9E932B75181300C7190D /* ApiVCUITests.swift */ = {isa = PBXFileReference; lastKnownFileType = sourcecode.swift; path = ApiVCUITests.swift; sourceTree = "<group>"; };
		25BD9E952B75181300C7190D /* ApiVCUITestsLaunchTests.swift */ = {isa = PBXFileReference; lastKnownFileType = sourcecode.swift; path = ApiVCUITestsLaunchTests.swift; sourceTree = "<group>"; };
		25BD9EA22B75188300C7190D /* Model.swift */ = {isa = PBXFileReference; lastKnownFileType = sourcecode.swift; path = Model.swift; sourceTree = "<group>"; };
		25BD9EA42B751FF300C7190D /* DetailsCell.swift */ = {isa = PBXFileReference; lastKnownFileType = sourcecode.swift; path = DetailsCell.swift; sourceTree = "<group>"; };
/* End PBXFileReference section */

/* Begin PBXFrameworksBuildPhase section */
		25BD9E6C2B75180F00C7190D /* Frameworks */ = {
			isa = PBXFrameworksBuildPhase;
			buildActionMask = 2147483647;
			files = (
			);
			runOnlyForDeploymentPostprocessing = 0;
		};
		25BD9E822B75181300C7190D /* Frameworks */ = {
			isa = PBXFrameworksBuildPhase;
			buildActionMask = 2147483647;
			files = (
			);
			runOnlyForDeploymentPostprocessing = 0;
		};
		25BD9E8C2B75181300C7190D /* Frameworks */ = {
			isa = PBXFrameworksBuildPhase;
			buildActionMask = 2147483647;
			files = (
			);
			runOnlyForDeploymentPostprocessing = 0;
		};
/* End PBXFrameworksBuildPhase section */

/* Begin PBXGroup section */
		25BD9E662B75180F00C7190D = {
			isa = PBXGroup;
			children = (
				25BD9E712B75180F00C7190D /* ApiVC */,
				25BD9E882B75181300C7190D /* ApiVCTests */,
				25BD9E922B75181300C7190D /* ApiVCUITests */,
				25BD9E702B75180F00C7190D /* Products */,
			);
			sourceTree = "<group>";
		};
		25BD9E702B75180F00C7190D /* Products */ = {
			isa = PBXGroup;
			children = (
				25BD9E6F2B75180F00C7190D /* ApiVC.app */,
				25BD9E852B75181300C7190D /* ApiVCTests.xctest */,
				25BD9E8F2B75181300C7190D /* ApiVCUITests.xctest */,
			);
			name = Products;
			sourceTree = "<group>";
		};
		25BD9E712B75180F00C7190D /* ApiVC */ = {
			isa = PBXGroup;
			children = (
				25BD9E722B75180F00C7190D /* AppDelegate.swift */,
				25BD9E742B75180F00C7190D /* SceneDelegate.swift */,
				25BD9E762B75180F00C7190D /* ViewController.swift */,
				25BD9E782B75180F00C7190D /* Main.storyboard */,
				25BD9EA42B751FF300C7190D /* DetailsCell.swift */,
				253266F52B8355A700D85F1E /* ApiManager.swift */,
				25BD9EA22B75188300C7190D /* Model.swift */,
				25BD9E7B2B75181200C7190D /* Assets.xcassets */,
				25BD9E7D2B75181200C7190D /* LaunchScreen.storyboard */,
				25BD9E802B75181200C7190D /* Info.plist */,
			);
			path = ApiVC;
			sourceTree = "<group>";
		};
		25BD9E882B75181300C7190D /* ApiVCTests */ = {
			isa = PBXGroup;
			children = (
				25BD9E892B75181300C7190D /* ApiVCTests.swift */,
			);
			path = ApiVCTests;
			sourceTree = "<group>";
		};
		25BD9E922B75181300C7190D /* ApiVCUITests */ = {
			isa = PBXGroup;
			children = (
				25BD9E932B75181300C7190D /* ApiVCUITests.swift */,
				25BD9E952B75181300C7190D /* ApiVCUITestsLaunchTests.swift */,
			);
			path = ApiVCUITests;
			sourceTree = "<group>";
		};
/* End PBXGroup section */

/* Begin PBXNativeTarget section */
		25BD9E6E2B75180F00C7190D /* ApiVC */ = {
			isa = PBXNativeTarget;
			buildConfigurationList = 25BD9E992B75181300C7190D /* Build configuration list for PBXNativeTarget "ApiVC" */;
			buildPhases = (
				25BD9E6B2B75180F00C7190D /* Sources */,
				25BD9E6C2B75180F00C7190D /* Frameworks */,
				25BD9E6D2B75180F00C7190D /* Resources */,
			);
			buildRules = (
			);
			dependencies = (
			);
			name = ApiVC;
			productName = ApiVC;
			productReference = 25BD9E6F2B75180F00C7190D /* ApiVC.app */;
			productType = "com.apple.product-type.application";
		};
		25BD9E842B75181300C7190D /* ApiVCTests */ = {
			isa = PBXNativeTarget;
			buildConfigurationList = 25BD9E9C2B75181300C7190D /* Build configuration list for PBXNativeTarget "ApiVCTests" */;
			buildPhases = (
				25BD9E812B75181300C7190D /* Sources */,
				25BD9E822B75181300C7190D /* Frameworks */,
				25BD9E832B75181300C7190D /* Resources */,
			);
			buildRules = (
			);
			dependencies = (
				25BD9E872B75181300C7190D /* PBXTargetDependency */,
			);
			name = ApiVCTests;
			productName = ApiVCTests;
			productReference = 25BD9E852B75181300C7190D /* ApiVCTests.xctest */;
			productType = "com.apple.product-type.bundle.unit-test";
		};
		25BD9E8E2B75181300C7190D /* ApiVCUITests */ = {
			isa = PBXNativeTarget;
			buildConfigurationList = 25BD9E9F2B75181300C7190D /* Build configuration list for PBXNativeTarget "ApiVCUITests" */;
			buildPhases = (
				25BD9E8B2B75181300C7190D /* Sources */,
				25BD9E8C2B75181300C7190D /* Frameworks */,
				25BD9E8D2B75181300C7190D /* Resources */,
			);
			buildRules = (
			);
			dependencies = (
				25BD9E912B75181300C7190D /* PBXTargetDependency */,
			);
			name = ApiVCUITests;
			productName = ApiVCUITests;
			productReference = 25BD9E8F2B75181300C7190D /* ApiVCUITests.xctest */;
			productType = "com.apple.product-type.bundle.ui-testing";
		};
/* End PBXNativeTarget section */

/* Begin PBXProject section */
		25BD9E672B75180F00C7190D /* Project object */ = {
			isa = PBXProject;
			attributes = {
				BuildIndependentTargetsInParallel = 1;
				LastSwiftUpdateCheck = 1520;
				LastUpgradeCheck = 1520;
				TargetAttributes = {
					25BD9E6E2B75180F00C7190D = {
						CreatedOnToolsVersion = 15.2;
					};
					25BD9E842B75181300C7190D = {
						CreatedOnToolsVersion = 15.2;
						TestTargetID = 25BD9E6E2B75180F00C7190D;
					};
					25BD9E8E2B75181300C7190D = {
						CreatedOnToolsVersion = 15.2;
						TestTargetID = 25BD9E6E2B75180F00C7190D;
					};
				};
			};
			buildConfigurationList = 25BD9E6A2B75180F00C7190D /* Build configuration list for PBXProject "ApiVC" */;
			compatibilityVersion = "Xcode 14.0";
			developmentRegion = en;
			hasScannedForEncodings = 0;
			knownRegions = (
				en,
				Base,
			);
			mainGroup = 25BD9E662B75180F00C7190D;
			productRefGroup = 25BD9E702B75180F00C7190D /* Products */;
			projectDirPath = "";
			projectRoot = "";
			targets = (
				25BD9E6E2B75180F00C7190D /* ApiVC */,
				25BD9E842B75181300C7190D /* ApiVCTests */,
				25BD9E8E2B75181300C7190D /* ApiVCUITests */,
			);
		};
/* End PBXProject section */

/* Begin PBXResourcesBuildPhase section */
		25BD9E6D2B75180F00C7190D /* Resources */ = {
			isa = PBXResourcesBuildPhase;
			buildActionMask = 2147483647;
			files = (
				25BD9E7F2B75181200C7190D /* LaunchScreen.storyboard in Resources */,
				25BD9E7C2B75181200C7190D /* Assets.xcassets in Resources */,
				25BD9E7A2B75180F00C7190D /* Main.storyboard in Resources */,
			);
			runOnlyForDeploymentPostprocessing = 0;
		};
		25BD9E832B75181300C7190D /* Resources */ = {
			isa = PBXResourcesBuildPhase;
			buildActionMask = 2147483647;
			files = (
			);
			runOnlyForDeploymentPostprocessing = 0;
		};
		25BD9E8D2B75181300C7190D /* Resources */ = {
			isa = PBXResourcesBuildPhase;
			buildActionMask = 2147483647;
			files = (
			);
			runOnlyForDeploymentPostprocessing = 0;
		};
/* End PBXResourcesBuildPhase section */

/* Begin PBXSourcesBuildPhase section */
		25BD9E6B2B75180F00C7190D /* Sources */ = {
			isa = PBXSourcesBuildPhase;
			buildActionMask = 2147483647;
			files = (
				25BD9E772B75180F00C7190D /* ViewController.swift in Sources */,
				25BD9E732B75180F00C7190D /* AppDelegate.swift in Sources */,
				25BD9EA52B751FF300C7190D /* DetailsCell.swift in Sources */,
				25BD9E752B75180F00C7190D /* SceneDelegate.swift in Sources */,
				253266F62B8355A700D85F1E /* ApiManager.swift in Sources */,
				25BD9EA32B75188300C7190D /* Model.swift in Sources */,
			);
			runOnlyForDeploymentPostprocessing = 0;
		};
		25BD9E812B75181300C7190D /* Sources */ = {
			isa = PBXSourcesBuildPhase;
			buildActionMask = 2147483647;
			files = (
				25BD9E8A2B75181300C7190D /* ApiVCTests.swift in Sources */,
			);
			runOnlyForDeploymentPostprocessing = 0;
		};
		25BD9E8B2B75181300C7190D /* Sources */ = {
			isa = PBXSourcesBuildPhase;
			buildActionMask = 2147483647;
			files = (
				25BD9E962B75181300C7190D /* ApiVCUITestsLaunchTests.swift in Sources */,
				25BD9E942B75181300C7190D /* ApiVCUITests.swift in Sources */,
			);
			runOnlyForDeploymentPostprocessing = 0;
		};
/* End PBXSourcesBuildPhase section */

/* Begin PBXTargetDependency section */
		25BD9E872B75181300C7190D /* PBXTargetDependency */ = {
			isa = PBXTargetDependency;
			target = 25BD9E6E2B75180F00C7190D /* ApiVC */;
			targetProxy = 25BD9E862B75181300C7190D /* PBXContainerItemProxy */;
		};
		25BD9E912B75181300C7190D /* PBXTargetDependency */ = {
			isa = PBXTargetDependency;
			target = 25BD9E6E2B75180F00C7190D /* ApiVC */;
			targetProxy = 25BD9E902B75181300C7190D /* PBXContainerItemProxy */;
		};
/* End PBXTargetDependency section */

/* Begin PBXVariantGroup section */
		25BD9E782B75180F00C7190D /* Main.storyboard */ = {
			isa = PBXVariantGroup;
			children = (
				25BD9E792B75180F00C7190D /* Base */,
			);
			name = Main.storyboard;
			sourceTree = "<group>";
		};
		25BD9E7D2B75181200C7190D /* LaunchScreen.storyboard */ = {
			isa = PBXVariantGroup;
			children = (
				25BD9E7E2B75181200C7190D /* Base */,
			);
			name = LaunchScreen.storyboard;
			sourceTree = "<group>";
		};
/* End PBXVariantGroup section */

/* Begin XCBuildConfiguration section */
		25BD9E972B75181300C7190D /* Debug */ = {
			isa = XCBuildConfiguration;
			buildSettings = {
				ALWAYS_SEARCH_USER_PATHS = NO;
				ASSETCATALOG_COMPILER_GENERATE_SWIFT_ASSET_SYMBOL_EXTENSIONS = YES;
				CLANG_ANALYZER_NONNULL = YES;
				CLANG_ANALYZER_NUMBER_OBJECT_CONVERSION = YES_AGGRESSIVE;
				CLANG_CXX_LANGUAGE_STANDARD = "gnu++20";
				CLANG_ENABLE_MODULES = YES;
				CLANG_ENABLE_OBJC_ARC = YES;
				CLANG_ENABLE_OBJC_WEAK = YES;
				CLANG_WARN_BLOCK_CAPTURE_AUTORELEASING = YES;
				CLANG_WARN_BOOL_CONVERSION = YES;
				CLANG_WARN_COMMA = YES;
				CLANG_WARN_CONSTANT_CONVERSION = YES;
				CLANG_WARN_DEPRECATED_OBJC_IMPLEMENTATIONS = YES;
				CLANG_WARN_DIRECT_OBJC_ISA_USAGE = YES_ERROR;
				CLANG_WARN_DOCUMENTATION_COMMENTS = YES;
				CLANG_WARN_EMPTY_BODY = YES;
				CLANG_WARN_ENUM_CONVERSION = YES;
				CLANG_WARN_INFINITE_RECURSION = YES;
				CLANG_WARN_INT_CONVERSION = YES;
				CLANG_WARN_NON_LITERAL_NULL_CONVERSION = YES;
				CLANG_WARN_OBJC_IMPLICIT_RETAIN_SELF = YES;
				CLANG_WARN_OBJC_LITERAL_CONVERSION = YES;
				CLANG_WARN_OBJC_ROOT_CLASS = YES_ERROR;
				CLANG_WARN_QUOTED_INCLUDE_IN_FRAMEWORK_HEADER = YES;
				CLANG_WARN_RANGE_LOOP_ANALYSIS = YES;
				CLANG_WARN_STRICT_PROTOTYPES = YES;
				CLANG_WARN_SUSPICIOUS_MOVE = YES;
				CLANG_WARN_UNGUARDED_AVAILABILITY = YES_AGGRESSIVE;
				CLANG_WARN_UNREACHABLE_CODE = YES;
				CLANG_WARN__DUPLICATE_METHOD_MATCH = YES;
				COPY_PHASE_STRIP = NO;
				DEBUG_INFORMATION_FORMAT = dwarf;
				ENABLE_STRICT_OBJC_MSGSEND = YES;
				ENABLE_TESTABILITY = YES;
				ENABLE_USER_SCRIPT_SANDBOXING = YES;
				GCC_C_LANGUAGE_STANDARD = gnu17;
				GCC_DYNAMIC_NO_PIC = NO;
				GCC_NO_COMMON_BLOCKS = YES;
				GCC_OPTIMIZATION_LEVEL = 0;
				GCC_PREPROCESSOR_DEFINITIONS = (
					"DEBUG=1",
					"$(inherited)",
				);
				GCC_WARN_64_TO_32_BIT_CONVERSION = YES;
				GCC_WARN_ABOUT_RETURN_TYPE = YES_ERROR;
				GCC_WARN_UNDECLARED_SELECTOR = YES;
				GCC_WARN_UNINITIALIZED_AUTOS = YES_AGGRESSIVE;
				GCC_WARN_UNUSED_FUNCTION = YES;
				GCC_WARN_UNUSED_VARIABLE = YES;
				IPHONEOS_DEPLOYMENT_TARGET = 17.2;
				LOCALIZATION_PREFERS_STRING_CATALOGS = YES;
				MTL_ENABLE_DEBUG_INFO = INCLUDE_SOURCE;
				MTL_FAST_MATH = YES;
				ONLY_ACTIVE_ARCH = YES;
				SDKROOT = iphoneos;
				SWIFT_ACTIVE_COMPILATION_CONDITIONS = "DEBUG $(inherited)";
				SWIFT_OPTIMIZATION_LEVEL = "-Onone";
			};
			name = Debug;
		};
		25BD9E982B75181300C7190D /* Release */ = {
			isa = XCBuildConfiguration;
			buildSettings = {
				ALWAYS_SEARCH_USER_PATHS = NO;
				ASSETCATALOG_COMPILER_GENERATE_SWIFT_ASSET_SYMBOL_EXTENSIONS = YES;
				CLANG_ANALYZER_NONNULL = YES;
				CLANG_ANALYZER_NUMBER_OBJECT_CONVERSION = YES_AGGRESSIVE;
				CLANG_CXX_LANGUAGE_STANDARD = "gnu++20";
				CLANG_ENABLE_MODULES = YES;
				CLANG_ENABLE_OBJC_ARC = YES;
				CLANG_ENABLE_OBJC_WEAK = YES;
				CLANG_WARN_BLOCK_CAPTURE_AUTORELEASING = YES;
				CLANG_WARN_BOOL_CONVERSION = YES;
				CLANG_WARN_COMMA = YES;
				CLANG_WARN_CONSTANT_CONVERSION = YES;
				CLANG_WARN_DEPRECATED_OBJC_IMPLEMENTATIONS = YES;
				CLANG_WARN_DIRECT_OBJC_ISA_USAGE = YES_ERROR;
				CLANG_WARN_DOCUMENTATION_COMMENTS = YES;
				CLANG_WARN_EMPTY_BODY = YES;
				CLANG_WARN_ENUM_CONVERSION = YES;
				CLANG_WARN_INFINITE_RECURSION = YES;
				CLANG_WARN_INT_CONVERSION = YES;
				CLANG_WARN_NON_LITERAL_NULL_CONVERSION = YES;
				CLANG_WARN_OBJC_IMPLICIT_RETAIN_SELF = YES;
				CLANG_WARN_OBJC_LITERAL_CONVERSION = YES;
				CLANG_WARN_OBJC_ROOT_CLASS = YES_ERROR;
				CLANG_WARN_QUOTED_INCLUDE_IN_FRAMEWORK_HEADER = YES;
				CLANG_WARN_RANGE_LOOP_ANALYSIS = YES;
				CLANG_WARN_STRICT_PROTOTYPES = YES;
				CLANG_WARN_SUSPICIOUS_MOVE = YES;
				CLANG_WARN_UNGUARDED_AVAILABILITY = YES_AGGRESSIVE;
				CLANG_WARN_UNREACHABLE_CODE = YES;
				CLANG_WARN__DUPLICATE_METHOD_MATCH = YES;
				COPY_PHASE_STRIP = NO;
				DEBUG_INFORMATION_FORMAT = "dwarf-with-dsym";
				ENABLE_NS_ASSERTIONS = NO;
				ENABLE_STRICT_OBJC_MSGSEND = YES;
				ENABLE_USER_SCRIPT_SANDBOXING = YES;
				GCC_C_LANGUAGE_STANDARD = gnu17;
				GCC_NO_COMMON_BLOCKS = YES;
				GCC_WARN_64_TO_32_BIT_CONVERSION = YES;
				GCC_WARN_ABOUT_RETURN_TYPE = YES_ERROR;
				GCC_WARN_UNDECLARED_SELECTOR = YES;
				GCC_WARN_UNINITIALIZED_AUTOS = YES_AGGRESSIVE;
				GCC_WARN_UNUSED_FUNCTION = YES;
				GCC_WARN_UNUSED_VARIABLE = YES;
				IPHONEOS_DEPLOYMENT_TARGET = 17.2;
				LOCALIZATION_PREFERS_STRING_CATALOGS = YES;
				MTL_ENABLE_DEBUG_INFO = NO;
				MTL_FAST_MATH = YES;
				SDKROOT = iphoneos;
				SWIFT_COMPILATION_MODE = wholemodule;
				VALIDATE_PRODUCT = YES;
			};
			name = Release;
		};
		25BD9E9A2B75181300C7190D /* Debug */ = {
			isa = XCBuildConfiguration;
			buildSettings = {
				ASSETCATALOG_COMPILER_APPICON_NAME = AppIcon;
				ASSETCATALOG_COMPILER_GLOBAL_ACCENT_COLOR_NAME = AccentColor;
				CODE_SIGN_STYLE = Automatic;
				CURRENT_PROJECT_VERSION = 1;
				GENERATE_INFOPLIST_FILE = YES;
				INFOPLIST_FILE = ApiVC/Info.plist;
				INFOPLIST_KEY_UIApplicationSupportsIndirectInputEvents = YES;
				INFOPLIST_KEY_UILaunchStoryboardName = LaunchScreen;
				INFOPLIST_KEY_UIMainStoryboardFile = Main;
				INFOPLIST_KEY_UISupportedInterfaceOrientations_iPad = "UIInterfaceOrientationPortrait UIInterfaceOrientationPortraitUpsideDown UIInterfaceOrientationLandscapeLeft UIInterfaceOrientationLandscapeRight";
				INFOPLIST_KEY_UISupportedInterfaceOrientations_iPhone = "UIInterfaceOrientationPortrait UIInterfaceOrientationLandscapeLeft UIInterfaceOrientationLandscapeRight";
				LD_RUNPATH_SEARCH_PATHS = (
					"$(inherited)",
					"@executable_path/Frameworks",
				);
				MARKETING_VERSION = 1.0;
				PRODUCT_BUNDLE_IDENTIFIER = com.vuedata.ApiVC;
				PRODUCT_NAME = "$(TARGET_NAME)";
				SWIFT_EMIT_LOC_STRINGS = YES;
				SWIFT_VERSION = 5.0;
				TARGETED_DEVICE_FAMILY = "1,2";
			};
			name = Debug;
		};
		25BD9E9B2B75181300C7190D /* Release */ = {
			isa = XCBuildConfiguration;
			buildSettings = {
				ASSETCATALOG_COMPILER_APPICON_NAME = AppIcon;
				ASSETCATALOG_COMPILER_GLOBAL_ACCENT_COLOR_NAME = AccentColor;
				CODE_SIGN_STYLE = Automatic;
				CURRENT_PROJECT_VERSION = 1;
				GENERATE_INFOPLIST_FILE = YES;
				INFOPLIST_FILE = ApiVC/Info.plist;
				INFOPLIST_KEY_UIApplicationSupportsIndirectInputEvents = YES;
				INFOPLIST_KEY_UILaunchStoryboardName = LaunchScreen;
				INFOPLIST_KEY_UIMainStoryboardFile = Main;
				INFOPLIST_KEY_UISupportedInterfaceOrientations_iPad = "UIInterfaceOrientationPortrait UIInterfaceOrientationPortraitUpsideDown UIInterfaceOrientationLandscapeLeft UIInterfaceOrientationLandscapeRight";
				INFOPLIST_KEY_UISupportedInterfaceOrientations_iPhone = "UIInterfaceOrientationPortrait UIInterfaceOrientationLandscapeLeft UIInterfaceOrientationLandscapeRight";
				LD_RUNPATH_SEARCH_PATHS = (
					"$(inherited)",
					"@executable_path/Frameworks",
				);
				MARKETING_VERSION = 1.0;
				PRODUCT_BUNDLE_IDENTIFIER = com.vuedata.ApiVC;
				PRODUCT_NAME = "$(TARGET_NAME)";
				SWIFT_EMIT_LOC_STRINGS = YES;
				SWIFT_VERSION = 5.0;
				TARGETED_DEVICE_FAMILY = "1,2";
			};
			name = Release;
		};
		25BD9E9D2B75181300C7190D /* Debug */ = {
			isa = XCBuildConfiguration;
			buildSettings = {
				ALWAYS_EMBED_SWIFT_STANDARD_LIBRARIES = YES;
				BUNDLE_LOADER = "$(TEST_HOST)";
				CODE_SIGN_STYLE = Automatic;
				CURRENT_PROJECT_VERSION = 1;
				GENERATE_INFOPLIST_FILE = YES;
				IPHONEOS_DEPLOYMENT_TARGET = 17.2;
				MARKETING_VERSION = 1.0;
				PRODUCT_BUNDLE_IDENTIFIER = com.vuedata.ApiVCTests;
				PRODUCT_NAME = "$(TARGET_NAME)";
				SWIFT_EMIT_LOC_STRINGS = NO;
				SWIFT_VERSION = 5.0;
				TARGETED_DEVICE_FAMILY = "1,2";
				TEST_HOST = "$(BUILT_PRODUCTS_DIR)/ApiVC.app/$(BUNDLE_EXECUTABLE_FOLDER_PATH)/ApiVC";
			};
			name = Debug;
		};
		25BD9E9E2B75181300C7190D /* Release */ = {
			isa = XCBuildConfiguration;
			buildSettings = {
				ALWAYS_EMBED_SWIFT_STANDARD_LIBRARIES = YES;
				BUNDLE_LOADER = "$(TEST_HOST)";
				CODE_SIGN_STYLE = Automatic;
				CURRENT_PROJECT_VERSION = 1;
				GENERATE_INFOPLIST_FILE = YES;
				IPHONEOS_DEPLOYMENT_TARGET = 17.2;
				MARKETING_VERSION = 1.0;
				PRODUCT_BUNDLE_IDENTIFIER = com.vuedata.ApiVCTests;
				PRODUCT_NAME = "$(TARGET_NAME)";
				SWIFT_EMIT_LOC_STRINGS = NO;
				SWIFT_VERSION = 5.0;
				TARGETED_DEVICE_FAMILY = "1,2";
				TEST_HOST = "$(BUILT_PRODUCTS_DIR)/ApiVC.app/$(BUNDLE_EXECUTABLE_FOLDER_PATH)/ApiVC";
			};
			name = Release;
		};
		25BD9EA02B75181300C7190D /* Debug */ = {
			isa = XCBuildConfiguration;
			buildSettings = {
				ALWAYS_EMBED_SWIFT_STANDARD_LIBRARIES = YES;
				CODE_SIGN_STYLE = Automatic;
				CURRENT_PROJECT_VERSION = 1;
				GENERATE_INFOPLIST_FILE = YES;
				MARKETING_VERSION = 1.0;
				PRODUCT_BUNDLE_IDENTIFIER = com.vuedata.ApiVCUITests;
				PRODUCT_NAME = "$(TARGET_NAME)";
				SWIFT_EMIT_LOC_STRINGS = NO;
				SWIFT_VERSION = 5.0;
				TARGETED_DEVICE_FAMILY = "1,2";
				TEST_TARGET_NAME = ApiVC;
			};
			name = Debug;
		};
		25BD9EA12B75181300C7190D /* Release */ = {
			isa = XCBuildConfiguration;
			buildSettings = {
				ALWAYS_EMBED_SWIFT_STANDARD_LIBRARIES = YES;
				CODE_SIGN_STYLE = Automatic;
				CURRENT_PROJECT_VERSION = 1;
				GENERATE_INFOPLIST_FILE = YES;
				MARKETING_VERSION = 1.0;
				PRODUCT_BUNDLE_IDENTIFIER = com.vuedata.ApiVCUITests;
				PRODUCT_NAME = "$(TARGET_NAME)";
				SWIFT_EMIT_LOC_STRINGS = NO;
				SWIFT_VERSION = 5.0;
				TARGETED_DEVICE_FAMILY = "1,2";
				TEST_TARGET_NAME = ApiVC;
			};
			name = Release;
		};
/* End XCBuildConfiguration section */

/* Begin XCConfigurationList section */
		25BD9E6A2B75180F00C7190D /* Build configuration list for PBXProject "ApiVC" */ = {
			isa = XCConfigurationList;
			buildConfigurations = (
				25BD9E972B75181300C7190D /* Debug */,
				25BD9E982B75181300C7190D /* Release */,
			);
			defaultConfigurationIsVisible = 0;
			defaultConfigurationName = Release;
		};
		25BD9E992B75181300C7190D /* Build configuration list for PBXNativeTarget "ApiVC" */ = {
			isa = XCConfigurationList;
			buildConfigurations = (
				25BD9E9A2B75181300C7190D /* Debug */,
				25BD9E9B2B75181300C7190D /* Release */,
			);
			defaultConfigurationIsVisible = 0;
			defaultConfigurationName = Release;
		};
		25BD9E9C2B75181300C7190D /* Build configuration list for PBXNativeTarget "ApiVCTests" */ = {
			isa = XCConfigurationList;
			buildConfigurations = (
				25BD9E9D2B75181300C7190D /* Debug */,
				25BD9E9E2B75181300C7190D /* Release */,
			);
			defaultConfigurationIsVisible = 0;
			defaultConfigurationName = Release;
		};
		25BD9E9F2B75181300C7190D /* Build configuration list for PBXNativeTarget "ApiVCUITests" */ = {
			isa = XCConfigurationList;
			buildConfigurations = (
				25BD9EA02B75181300C7190D /* Debug */,
				25BD9EA12B75181300C7190D /* Release */,
			);
			defaultConfigurationIsVisible = 0;
			defaultConfigurationName = Release;
		};
/* End XCConfigurationList section */
	};
	rootObject = 25BD9E672B75180F00C7190D /* Project object */;
}
